
Microsoft Visual Studio Solution File, Format Version 12.00
# Visual Studio Version 16
VisualStudioVersion = 16.0.808.4
MinimumVisualStudioVersion = 10.0.40219.1
Project("{FAE04EC0-301F-11D3-BF4B-00C04F79EFBC}") = "Ex_9.4", "Ex_9.4\Ex_9.4.csproj", "{802A0B51-840C-4A28-8663-08447B94097F}"
EndProject
Global
	GlobalSection(SolutionConfigurationPlatforms) = preSolution
		Debug|Any CPU = Debug|Any CPU
		Release|Any CPU = Release|Any CPU
	EndGlobalSection
	GlobalSection(ProjectConfigurationPlatforms) = postSolution
		{802A0B51-840C-4A28-8663-08447B94097F}.Debug|Any CPU.ActiveCfg = Debug|Any CPU
		{802A0B51-840C-4A28-8663-08447B94097F}.Debug|Any CPU.Build.0 = Debug|Any CPU
		{802A0B51-840C-4A28-8663-08447B94097F}.Release|Any CPU.ActiveCfg = Release|Any CPU
		{802A0B51-840C-4A28-8663-08447B94097F}.Release|Any CPU.Build.0 = Release|Any CPU
	EndGlobalSection
	GlobalSection(SolutionProperties) = preSolution
		HideSolutionNode = FALSE
	EndGlobalSection
	GlobalSection(ExtensibilityGlobals) = postSolution
		SolutionGuid = {D45A4F62-C999-4401-BF78-DFE8894809A5}
	EndGlobalSection
EndGlobal
