
Microsoft Visual Studio Solution File, Format Version 12.00
# Visual Studio Version 16
VisualStudioVersion = 16.0.808.4
MinimumVisualStudioVersion = 10.0.40219.1
Project("{FAE04EC0-301F-11D3-BF4B-00C04F79EFBC}") = "Ex_7.2", "Ex_7.2\Ex_7.2.csproj", "{449F6315-DEA4-41BB-96CD-9A213259E475}"
EndProject
Global
	GlobalSection(SolutionConfigurationPlatforms) = preSolution
		Debug|Any CPU = Debug|Any CPU
		Release|Any CPU = Release|Any CPU
	EndGlobalSection
	GlobalSection(ProjectConfigurationPlatforms) = postSolution
		{449F6315-DEA4-41BB-96CD-9A213259E475}.Debug|Any CPU.ActiveCfg = Debug|Any CPU
		{449F6315-DEA4-41BB-96CD-9A213259E475}.Debug|Any CPU.Build.0 = Debug|Any CPU
		{449F6315-DEA4-41BB-96CD-9A213259E475}.Release|Any CPU.ActiveCfg = Release|Any CPU
		{449F6315-DEA4-41BB-96CD-9A213259E475}.Release|Any CPU.Build.0 = Release|Any CPU
	EndGlobalSection
	GlobalSection(SolutionProperties) = preSolution
		HideSolutionNode = FALSE
	EndGlobalSection
	GlobalSection(ExtensibilityGlobals) = postSolution
		SolutionGuid = {FDEE791D-B406-4525-B340-49DDB4B21122}
	EndGlobalSection
EndGlobal
