
Microsoft Visual Studio Solution File, Format Version 12.00
# Visual Studio Version 16
VisualStudioVersion = 16.0.808.4
MinimumVisualStudioVersion = 10.0.40219.1
Project("{FAE04EC0-301F-11D3-BF4B-00C04F79EFBC}") = "Ex_11.3b", "Ex_11.3b\Ex_11.3b.csproj", "{C41C312E-2980-4C81-A434-BAF221629124}"
EndProject
Global
	GlobalSection(SolutionConfigurationPlatforms) = preSolution
		Debug|Any CPU = Debug|Any CPU
		Release|Any CPU = Release|Any CPU
	EndGlobalSection
	GlobalSection(ProjectConfigurationPlatforms) = postSolution
		{C41C312E-2980-4C81-A434-BAF221629124}.Debug|Any CPU.ActiveCfg = Debug|Any CPU
		{C41C312E-2980-4C81-A434-BAF221629124}.Debug|Any CPU.Build.0 = Debug|Any CPU
		{C41C312E-2980-4C81-A434-BAF221629124}.Release|Any CPU.ActiveCfg = Release|Any CPU
		{C41C312E-2980-4C81-A434-BAF221629124}.Release|Any CPU.Build.0 = Release|Any CPU
	EndGlobalSection
	GlobalSection(SolutionProperties) = preSolution
		HideSolutionNode = FALSE
	EndGlobalSection
	GlobalSection(ExtensibilityGlobals) = postSolution
		SolutionGuid = {49633AA4-490C-4A75-8597-683CAC2C3D2F}
	EndGlobalSection
EndGlobal
