
Microsoft Visual Studio Solution File, Format Version 12.00
# Visual Studio Version 16
VisualStudioVersion = 16.0.808.4
MinimumVisualStudioVersion = 10.0.40219.1
Project("{FAE04EC0-301F-11D3-BF4B-00C04F79EFBC}") = "Ex_14.2", "Ex_14.2\Ex_14.2.csproj", "{3EBA6234-BC2A-4C32-BD24-C6CD2ED03230}"
EndProject
Global
	GlobalSection(SolutionConfigurationPlatforms) = preSolution
		Debug|Any CPU = Debug|Any CPU
		Release|Any CPU = Release|Any CPU
	EndGlobalSection
	GlobalSection(ProjectConfigurationPlatforms) = postSolution
		{3EBA6234-BC2A-4C32-BD24-C6CD2ED03230}.Debug|Any CPU.ActiveCfg = Debug|Any CPU
		{3EBA6234-BC2A-4C32-BD24-C6CD2ED03230}.Debug|Any CPU.Build.0 = Debug|Any CPU
		{3EBA6234-BC2A-4C32-BD24-C6CD2ED03230}.Release|Any CPU.ActiveCfg = Release|Any CPU
		{3EBA6234-BC2A-4C32-BD24-C6CD2ED03230}.Release|Any CPU.Build.0 = Release|Any CPU
	EndGlobalSection
	GlobalSection(SolutionProperties) = preSolution
		HideSolutionNode = FALSE
	EndGlobalSection
	GlobalSection(ExtensibilityGlobals) = postSolution
		SolutionGuid = {817F543D-A57F-485B-BA8A-9B33CBC7D103}
	EndGlobalSection
EndGlobal
