
Microsoft Visual Studio Solution File, Format Version 12.00
# Visual Studio Version 16
VisualStudioVersion = 16.0.808.4
MinimumVisualStudioVersion = 10.0.40219.1
Project("{FAE04EC0-301F-11D3-BF4B-00C04F79EFBC}") = "Ex_8.6", "Ex_8.6\Ex_8.6.csproj", "{BDA8D9CC-BE7E-4D34-9456-E0903FDEBC2F}"
EndProject
Global
	GlobalSection(SolutionConfigurationPlatforms) = preSolution
		Debug|Any CPU = Debug|Any CPU
		Release|Any CPU = Release|Any CPU
	EndGlobalSection
	GlobalSection(ProjectConfigurationPlatforms) = postSolution
		{BDA8D9CC-BE7E-4D34-9456-E0903FDEBC2F}.Debug|Any CPU.ActiveCfg = Debug|Any CPU
		{BDA8D9CC-BE7E-4D34-9456-E0903FDEBC2F}.Debug|Any CPU.Build.0 = Debug|Any CPU
		{BDA8D9CC-BE7E-4D34-9456-E0903FDEBC2F}.Release|Any CPU.ActiveCfg = Release|Any CPU
		{BDA8D9CC-BE7E-4D34-9456-E0903FDEBC2F}.Release|Any CPU.Build.0 = Release|Any CPU
	EndGlobalSection
	GlobalSection(SolutionProperties) = preSolution
		HideSolutionNode = FALSE
	EndGlobalSection
	GlobalSection(ExtensibilityGlobals) = postSolution
		SolutionGuid = {1BEAC856-9A8D-445A-A78D-1E3694B0673E}
	EndGlobalSection
EndGlobal
