
Microsoft Visual Studio Solution File, Format Version 12.00
# Visual Studio Version 16
VisualStudioVersion = 16.0.808.4
MinimumVisualStudioVersion = 10.0.40219.1
Project("{FAE04EC0-301F-11D3-BF4B-00C04F79EFBC}") = "Ex_11.6b", "Ex_11.6b\Ex_11.6b.csproj", "{305C5B28-5F1F-492F-9A03-58A408836DF5}"
EndProject
Global
	GlobalSection(SolutionConfigurationPlatforms) = preSolution
		Debug|Any CPU = Debug|Any CPU
		Release|Any CPU = Release|Any CPU
	EndGlobalSection
	GlobalSection(ProjectConfigurationPlatforms) = postSolution
		{305C5B28-5F1F-492F-9A03-58A408836DF5}.Debug|Any CPU.ActiveCfg = Debug|Any CPU
		{305C5B28-5F1F-492F-9A03-58A408836DF5}.Debug|Any CPU.Build.0 = Debug|Any CPU
		{305C5B28-5F1F-492F-9A03-58A408836DF5}.Release|Any CPU.ActiveCfg = Release|Any CPU
		{305C5B28-5F1F-492F-9A03-58A408836DF5}.Release|Any CPU.Build.0 = Release|Any CPU
	EndGlobalSection
	GlobalSection(SolutionProperties) = preSolution
		HideSolutionNode = FALSE
	EndGlobalSection
	GlobalSection(ExtensibilityGlobals) = postSolution
		SolutionGuid = {D39AA68D-55BF-455C-A039-10E306E23048}
	EndGlobalSection
EndGlobal
