
Microsoft Visual Studio Solution File, Format Version 12.00
# Visual Studio Version 16
VisualStudioVersion = 16.0.808.4
MinimumVisualStudioVersion = 10.0.40219.1
Project("{FAE04EC0-301F-11D3-BF4B-00C04F79EFBC}") = "Ex_9.2", "Ex_9.2\Ex_9.2.csproj", "{8D540B01-58C0-4117-9714-ABD4A2FCCD1A}"
EndProject
Global
	GlobalSection(SolutionConfigurationPlatforms) = preSolution
		Debug|Any CPU = Debug|Any CPU
		Release|Any CPU = Release|Any CPU
	EndGlobalSection
	GlobalSection(ProjectConfigurationPlatforms) = postSolution
		{8D540B01-58C0-4117-9714-ABD4A2FCCD1A}.Debug|Any CPU.ActiveCfg = Debug|Any CPU
		{8D540B01-58C0-4117-9714-ABD4A2FCCD1A}.Debug|Any CPU.Build.0 = Debug|Any CPU
		{8D540B01-58C0-4117-9714-ABD4A2FCCD1A}.Release|Any CPU.ActiveCfg = Release|Any CPU
		{8D540B01-58C0-4117-9714-ABD4A2FCCD1A}.Release|Any CPU.Build.0 = Release|Any CPU
	EndGlobalSection
	GlobalSection(SolutionProperties) = preSolution
		HideSolutionNode = FALSE
	EndGlobalSection
	GlobalSection(ExtensibilityGlobals) = postSolution
		SolutionGuid = {91C89DBA-D16B-4CB2-B438-8AFA1A8EC0FE}
	EndGlobalSection
EndGlobal
