
Microsoft Visual Studio Solution File, Format Version 12.00
# Visual Studio Version 16
VisualStudioVersion = 16.0.808.4
MinimumVisualStudioVersion = 10.0.40219.1
Project("{FAE04EC0-301F-11D3-BF4B-00C04F79EFBC}") = "Ex_11.6a", "Ex_11.6a\Ex_11.6a.csproj", "{AF07623F-2AD4-46CB-8EC0-F9B30DB5C62B}"
EndProject
Global
	GlobalSection(SolutionConfigurationPlatforms) = preSolution
		Debug|Any CPU = Debug|Any CPU
		Release|Any CPU = Release|Any CPU
	EndGlobalSection
	GlobalSection(ProjectConfigurationPlatforms) = postSolution
		{AF07623F-2AD4-46CB-8EC0-F9B30DB5C62B}.Debug|Any CPU.ActiveCfg = Debug|Any CPU
		{AF07623F-2AD4-46CB-8EC0-F9B30DB5C62B}.Debug|Any CPU.Build.0 = Debug|Any CPU
		{AF07623F-2AD4-46CB-8EC0-F9B30DB5C62B}.Release|Any CPU.ActiveCfg = Release|Any CPU
		{AF07623F-2AD4-46CB-8EC0-F9B30DB5C62B}.Release|Any CPU.Build.0 = Release|Any CPU
	EndGlobalSection
	GlobalSection(SolutionProperties) = preSolution
		HideSolutionNode = FALSE
	EndGlobalSection
	GlobalSection(ExtensibilityGlobals) = postSolution
		SolutionGuid = {41FFCCA6-10E0-4902-B764-26ACD3D81852}
	EndGlobalSection
EndGlobal
