
Microsoft Visual Studio Solution File, Format Version 12.00
# Visual Studio Version 16
VisualStudioVersion = 16.0.808.4
MinimumVisualStudioVersion = 10.0.40219.1
Project("{FAE04EC0-301F-11D3-BF4B-00C04F79EFBC}") = "Ex_12.6", "Ex_12.6\Ex_12.6.csproj", "{E8C28337-CB6C-47BA-9FF4-F777FA3A7EB6}"
EndProject
Global
	GlobalSection(SolutionConfigurationPlatforms) = preSolution
		Debug|Any CPU = Debug|Any CPU
		Release|Any CPU = Release|Any CPU
	EndGlobalSection
	GlobalSection(ProjectConfigurationPlatforms) = postSolution
		{E8C28337-CB6C-47BA-9FF4-F777FA3A7EB6}.Debug|Any CPU.ActiveCfg = Debug|Any CPU
		{E8C28337-CB6C-47BA-9FF4-F777FA3A7EB6}.Debug|Any CPU.Build.0 = Debug|Any CPU
		{E8C28337-CB6C-47BA-9FF4-F777FA3A7EB6}.Release|Any CPU.ActiveCfg = Release|Any CPU
		{E8C28337-CB6C-47BA-9FF4-F777FA3A7EB6}.Release|Any CPU.Build.0 = Release|Any CPU
	EndGlobalSection
	GlobalSection(SolutionProperties) = preSolution
		HideSolutionNode = FALSE
	EndGlobalSection
	GlobalSection(ExtensibilityGlobals) = postSolution
		SolutionGuid = {22DF1C8A-7125-473E-9E38-E60C50092F8D}
	EndGlobalSection
EndGlobal
