
Microsoft Visual Studio Solution File, Format Version 12.00
# Visual Studio Version 16
VisualStudioVersion = 16.0.808.4
MinimumVisualStudioVersion = 10.0.40219.1
Project("{FAE04EC0-301F-11D3-BF4B-00C04F79EFBC}") = "Ex_11.4", "Ex_11.4\Ex_11.4.csproj", "{EA51AF49-64DE-417B-B1DE-BF6392C06EAA}"
EndProject
Global
	GlobalSection(SolutionConfigurationPlatforms) = preSolution
		Debug|Any CPU = Debug|Any CPU
		Release|Any CPU = Release|Any CPU
	EndGlobalSection
	GlobalSection(ProjectConfigurationPlatforms) = postSolution
		{EA51AF49-64DE-417B-B1DE-BF6392C06EAA}.Debug|Any CPU.ActiveCfg = Debug|Any CPU
		{EA51AF49-64DE-417B-B1DE-BF6392C06EAA}.Debug|Any CPU.Build.0 = Debug|Any CPU
		{EA51AF49-64DE-417B-B1DE-BF6392C06EAA}.Release|Any CPU.ActiveCfg = Release|Any CPU
		{EA51AF49-64DE-417B-B1DE-BF6392C06EAA}.Release|Any CPU.Build.0 = Release|Any CPU
	EndGlobalSection
	GlobalSection(SolutionProperties) = preSolution
		HideSolutionNode = FALSE
	EndGlobalSection
	GlobalSection(ExtensibilityGlobals) = postSolution
		SolutionGuid = {3F941F6E-FF98-4CA8-BBB2-9B0C20EE0A80}
	EndGlobalSection
EndGlobal
